// !$*UTF8*$!
{
	archiveVersion = 1;
	classes = {
	};
	objectVersion = 51;
	objects = {

/* Begin PBXBuildFile section */
		7B4CD3BB238E492A00265D5A /* AppDelegate.swift in Sources */ = {isa = PBXBuildFile; fileRef = 7B4CD3BA238E492A00265D5A /* AppDelegate.swift */; };
		7B4CD3BD238E492A00265D5A /* ViewController.swift in Sources */ = {isa = PBXBuildFile; fileRef = 7B4CD3BC238E492A00265D5A /* ViewController.swift */; };
		7B4CD3BF238E492B00265D5A /* Assets.xcassets in Resources */ = {isa = PBXBuildFile; fileRef = 7B4CD3BE238E492B00265D5A /* Assets.xcassets */; };
		7B4CD3C2238E492B00265D5A /* Main.storyboard in Resources */ = {isa = PBXBuildFile; fileRef = 7B4CD3C0238E492B00265D5A /* Main.storyboard */; };
		7B4CD3CB238E58DB00265D5A /* SuprressKeySound.swift in Sources */ = {isa = PBXBuildFile; fileRef = 7B4CD3CA238E58DB00265D5A /* SuprressKeySound.swift */; };
		7B4CD3CD238E5A3700265D5A /* SettingsViewController.swift in Sources */ = {isa = PBXBuildFile; fileRef = 7B4CD3CC238E5A3700265D5A /* SettingsViewController.swift */; };
		7B4CD3CF238E633000265D5A /* SlackService.swift in Sources */ = {isa = PBXBuildFile; fileRef = 7B4CD3CE238E633000265D5A /* SlackService.swift */; };
		7B4CD3D1238F7F9C00265D5A /* HyperLinkTextField.swift in Sources */ = {isa = PBXBuildFile; fileRef = 7B4CD3D0238F7F9C00265D5A /* HyperLinkTextField.swift */; };
		8DB610D97186C033BE0A840E /* Pods_siro.framework in Frameworks */ = {isa = PBXBuildFile; fileRef = 09D72FD0537F78BB774BF5B1 /* Pods_siro.framework */; };
/* End PBXBuildFile section */

/* Begin PBXFileReference section */
		09D72FD0537F78BB774BF5B1 /* Pods_siro.framework */ = {isa = PBXFileReference; explicitFileType = wrapper.framework; includeInIndex = 0; path = Pods_siro.framework; sourceTree = BUILT_PRODUCTS_DIR; };
		7B4CD3B7238E492A00265D5A /* siro.app */ = {isa = PBXFileReference; explicitFileType = wrapper.application; includeInIndex = 0; path = siro.app; sourceTree = BUILT_PRODUCTS_DIR; };
		7B4CD3BA238E492A00265D5A /* AppDelegate.swift */ = {isa = PBXFileReference; indentWidth = 4; lastKnownFileType = sourcecode.swift; path = AppDelegate.swift; sourceTree = "<group>"; tabWidth = 4; };
		7B4CD3BC238E492A00265D5A /* ViewController.swift */ = {isa = PBXFileReference; lastKnownFileType = sourcecode.swift; path = ViewController.swift; sourceTree = "<group>"; };
		7B4CD3BE238E492B00265D5A /* Assets.xcassets */ = {isa = PBXFileReference; lastKnownFileType = folder.assetcatalog; path = Assets.xcassets; sourceTree = "<group>"; };
		7B4CD3C1238E492B00265D5A /* Base */ = {isa = PBXFileReference; lastKnownFileType = file.storyboard; name = Base; path = Base.lproj/Main.storyboard; sourceTree = "<group>"; };
		7B4CD3C3238E492B00265D5A /* Info.plist */ = {isa = PBXFileReference; lastKnownFileType = text.plist.xml; path = Info.plist; sourceTree = "<group>"; };
		7B4CD3C4238E492B00265D5A /* siro.entitlements */ = {isa = PBXFileReference; lastKnownFileType = text.plist.entitlements; path = siro.entitlements; sourceTree = "<group>"; };
		7B4CD3CA238E58DB00265D5A /* SuprressKeySound.swift */ = {isa = PBXFileReference; lastKnownFileType = sourcecode.swift; path = SuprressKeySound.swift; sourceTree = "<group>"; };
		7B4CD3CC238E5A3700265D5A /* SettingsViewController.swift */ = {isa = PBXFileReference; lastKnownFileType = sourcecode.swift; path = SettingsViewController.swift; sourceTree = "<group>"; };
		7B4CD3CE238E633000265D5A /* SlackService.swift */ = {isa = PBXFileReference; lastKnownFileType = sourcecode.swift; path = SlackService.swift; sourceTree = "<group>"; };
		7B4CD3D0238F7F9C00265D5A /* HyperLinkTextField.swift */ = {isa = PBXFileReference; lastKnownFileType = sourcecode.swift; path = HyperLinkTextField.swift; sourceTree = "<group>"; };
		BA1F3D13B16F92478D549E8C /* Pods-siro.debug.xcconfig */ = {isa = PBXFileReference; includeInIndex = 1; lastKnownFileType = text.xcconfig; name = "Pods-siro.debug.xcconfig"; path = "Target Support Files/Pods-siro/Pods-siro.debug.xcconfig"; sourceTree = "<group>"; };
		D4398D50DE4EE783ED63D891 /* Pods-siro.release.xcconfig */ = {isa = PBXFileReference; includeInIndex = 1; lastKnownFileType = text.xcconfig; name = "Pods-siro.release.xcconfig"; path = "Target Support Files/Pods-siro/Pods-siro.release.xcconfig"; sourceTree = "<group>"; };
/* End PBXFileReference section */

/* Begin PBXFrameworksBuildPhase section */
		7B4CD3B4238E492A00265D5A /* Frameworks */ = {
			isa = PBXFrameworksBuildPhase;
			buildActionMask = 2147483647;
			files = (
				8DB610D97186C033BE0A840E /* Pods_siro.framework in Frameworks */,
			);
			runOnlyForDeploymentPostprocessing = 0;
		};
/* End PBXFrameworksBuildPhase section */

/* Begin PBXGroup section */
		4D1DBE7C19CAEFB95A3ECC0F /* Pods */ = {
			isa = PBXGroup;
			children = (
				BA1F3D13B16F92478D549E8C /* Pods-siro.debug.xcconfig */,
				D4398D50DE4EE783ED63D891 /* Pods-siro.release.xcconfig */,
			);
			path = Pods;
			sourceTree = "<group>";
		};
		7B4CD3AE238E492A00265D5A = {
			isa = PBXGroup;
			children = (
				7B4CD3B9238E492A00265D5A /* siro */,
				7B4CD3B8238E492A00265D5A /* Products */,
				4D1DBE7C19CAEFB95A3ECC0F /* Pods */,
				8A90BDEAC53205960FF6881E /* Frameworks */,
			);
			sourceTree = "<group>";
		};
		7B4CD3B8238E492A00265D5A /* Products */ = {
			isa = PBXGroup;
			children = (
				7B4CD3B7238E492A00265D5A /* siro.app */,
			);
			name = Products;
			sourceTree = "<group>";
		};
		7B4CD3B9238E492A00265D5A /* siro */ = {
			isa = PBXGroup;
			children = (
				7B4CD3BA238E492A00265D5A /* AppDelegate.swift */,
				7B4CD3BC238E492A00265D5A /* ViewController.swift */,
				7B4CD3CC238E5A3700265D5A /* SettingsViewController.swift */,
				7B4CD3D0238F7F9C00265D5A /* HyperLinkTextField.swift */,
				7B4CD3CA238E58DB00265D5A /* SuprressKeySound.swift */,
				7B4CD3CE238E633000265D5A /* SlackService.swift */,
				7B4CD3BE238E492B00265D5A /* Assets.xcassets */,
				7B4CD3C0238E492B00265D5A /* Main.storyboard */,
				7B4CD3C3238E492B00265D5A /* Info.plist */,
				7B4CD3C4238E492B00265D5A /* siro.entitlements */,
			);
			path = siro;
			sourceTree = "<group>";
		};
		8A90BDEAC53205960FF6881E /* Frameworks */ = {
			isa = PBXGroup;
			children = (
				09D72FD0537F78BB774BF5B1 /* Pods_siro.framework */,
			);
			name = Frameworks;
			sourceTree = "<group>";
		};
/* End PBXGroup section */

/* Begin PBXNativeTarget section */
		7B4CD3B6238E492A00265D5A /* siro */ = {
			isa = PBXNativeTarget;
			buildConfigurationList = 7B4CD3C7238E492B00265D5A /* Build configuration list for PBXNativeTarget "siro" */;
			buildPhases = (
				40B723078602902F32F1192C /* [CP] Check Pods Manifest.lock */,
				7B4CD3B3238E492A00265D5A /* Sources */,
				7B4CD3B4238E492A00265D5A /* Frameworks */,
				7B4CD3B5238E492A00265D5A /* Resources */,
				89A26D89E28B9050355C0BA2 /* [CP] Embed Pods Frameworks */,
			);
			buildRules = (
			);
			dependencies = (
			);
			name = siro;
			productName = siro;
			productReference = 7B4CD3B7238E492A00265D5A /* siro.app */;
			productType = "com.apple.product-type.application";
		};
/* End PBXNativeTarget section */

/* Begin PBXProject section */
		7B4CD3AF238E492A00265D5A /* Project object */ = {
			isa = PBXProject;
			attributes = {
				LastSwiftUpdateCheck = 1110;
				LastUpgradeCheck = 1110;
				ORGANIZATIONNAME = ainoya.tokyo;
				TargetAttributes = {
					7B4CD3B6238E492A00265D5A = {
						CreatedOnToolsVersion = 11.1;
					};
				};
			};
			buildConfigurationList = 7B4CD3B2238E492A00265D5A /* Build configuration list for PBXProject "siro" */;
			compatibilityVersion = "Xcode 9.3";
			developmentRegion = en;
			hasScannedForEncodings = 0;
			knownRegions = (
				en,
				Base,
			);
			mainGroup = 7B4CD3AE238E492A00265D5A;
			productRefGroup = 7B4CD3B8238E492A00265D5A /* Products */;
			projectDirPath = "";
			projectRoot = "";
			targets = (
				7B4CD3B6238E492A00265D5A /* siro */,
			);
		};
/* End PBXProject section */

/* Begin PBXResourcesBuildPhase section */
		7B4CD3B5238E492A00265D5A /* Resources */ = {
			isa = PBXResourcesBuildPhase;
			buildActionMask = 2147483647;
			files = (
				7B4CD3BF238E492B00265D5A /* Assets.xcassets in Resources */,
				7B4CD3C2238E492B00265D5A /* Main.storyboard in Resources */,
			);
			runOnlyForDeploymentPostprocessing = 0;
		};
/* End PBXResourcesBuildPhase section */

/* Begin PBXShellScriptBuildPhase section */
		40B723078602902F32F1192C /* [CP] Check Pods Manifest.lock */ = {
			isa = PBXShellScriptBuildPhase;
			buildActionMask = 2147483647;
			files = (
			);
			inputFileListPaths = (
			);
			inputPaths = (
				"${PODS_PODFILE_DIR_PATH}/Podfile.lock",
				"${PODS_ROOT}/Manifest.lock",
			);
			name = "[CP] Check Pods Manifest.lock";
			outputFileListPaths = (
			);
			outputPaths = (
				"$(DERIVED_FILE_DIR)/Pods-siro-checkManifestLockResult.txt",
			);
			runOnlyForDeploymentPostprocessing = 0;
			shellPath = /bin/sh;
			shellScript = "diff \"${PODS_PODFILE_DIR_PATH}/Podfile.lock\" \"${PODS_ROOT}/Manifest.lock\" > /dev/null\nif [ $? != 0 ] ; then\n    # print error to STDERR\n    echo \"error: The sandbox is not in sync with the Podfile.lock. Run 'pod install' or update your CocoaPods installation.\" >&2\n    exit 1\nfi\n# This output is used by Xcode 'outputs' to avoid re-running this script phase.\necho \"SUCCESS\" > \"${SCRIPT_OUTPUT_FILE_0}\"\n";
			showEnvVarsInLog = 0;
		};
		89A26D89E28B9050355C0BA2 /* [CP] Embed Pods Frameworks */ = {
			isa = PBXShellScriptBuildPhase;
			buildActionMask = 2147483647;
			files = (
			);
			inputFileListPaths = (
				"${PODS_ROOT}/Target Support Files/Pods-siro/Pods-siro-frameworks-${CONFIGURATION}-input-files.xcfilelist",
			);
			name = "[CP] Embed Pods Frameworks";
			outputFileListPaths = (
				"${PODS_ROOT}/Target Support Files/Pods-siro/Pods-siro-frameworks-${CONFIGURATION}-output-files.xcfilelist",
			);
			runOnlyForDeploymentPostprocessing = 0;
			shellPath = /bin/sh;
			shellScript = "\"${PODS_ROOT}/Target Support Files/Pods-siro/Pods-siro-frameworks.sh\"\n";
			showEnvVarsInLog = 0;
		};
/* End PBXShellScriptBuildPhase section */

/* Begin PBXSourcesBuildPhase section */
		7B4CD3B3238E492A00265D5A /* Sources */ = {
			isa = PBXSourcesBuildPhase;
			buildActionMask = 2147483647;
			files = (
				7B4CD3CB238E58DB00265D5A /* SuprressKeySound.swift in Sources */,
				7B4CD3CF238E633000265D5A /* SlackService.swift in Sources */,
				7B4CD3BD238E492A00265D5A /* ViewController.swift in Sources */,
				7B4CD3BB238E492A00265D5A /* AppDelegate.swift in Sources */,
				7B4CD3D1238F7F9C00265D5A /* HyperLinkTextField.swift in Sources */,
				7B4CD3CD238E5A3700265D5A /* SettingsViewController.swift in Sources */,
			);
			runOnlyForDeploymentPostprocessing = 0;
		};
/* End PBXSourcesBuildPhase section */

/* Begin PBXVariantGroup section */
		7B4CD3C0238E492B00265D5A /* Main.storyboard */ = {
			isa = PBXVariantGroup;
			children = (
				7B4CD3C1238E492B00265D5A /* Base */,
			);
			name = Main.storyboard;
			sourceTree = "<group>";
		};
/* End PBXVariantGroup section */

/* Begin XCBuildConfiguration section */
		7B4CD3C5238E492B00265D5A /* Debug */ = {
			isa = XCBuildConfiguration;
			buildSettings = {
				ALWAYS_SEARCH_USER_PATHS = NO;
				CLANG_ANALYZER_NONNULL = YES;
				CLANG_ANALYZER_NUMBER_OBJECT_CONVERSION = YES_AGGRESSIVE;
				CLANG_CXX_LANGUAGE_STANDARD = "gnu++14";
				CLANG_CXX_LIBRARY = "libc++";
				CLANG_ENABLE_MODULES = YES;
				CLANG_ENABLE_OBJC_ARC = YES;
				CLANG_ENABLE_OBJC_WEAK = YES;
				CLANG_WARN_BLOCK_CAPTURE_AUTORELEASING = YES;
				CLANG_WARN_BOOL_CONVERSION = YES;
				CLANG_WARN_COMMA = YES;
				CLANG_WARN_CONSTANT_CONVERSION = YES;
				CLANG_WARN_DEPRECATED_OBJC_IMPLEMENTATIONS = YES;
				CLANG_WARN_DIRECT_OBJC_ISA_USAGE = YES_ERROR;
				CLANG_WARN_DOCUMENTATION_COMMENTS = YES;
				CLANG_WARN_EMPTY_BODY = YES;
				CLANG_WARN_ENUM_CONVERSION = YES;
				CLANG_WARN_INFINITE_RECURSION = YES;
				CLANG_WARN_INT_CONVERSION = YES;
				CLANG_WARN_NON_LITERAL_NULL_CONVERSION = YES;
				CLANG_WARN_OBJC_IMPLICIT_RETAIN_SELF = YES;
				CLANG_WARN_OBJC_LITERAL_CONVERSION = YES;
				CLANG_WARN_OBJC_ROOT_CLASS = YES_ERROR;
				CLANG_WARN_RANGE_LOOP_ANALYSIS = YES;
				CLANG_WARN_STRICT_PROTOTYPES = YES;
				CLANG_WARN_SUSPICIOUS_MOVE = YES;
				CLANG_WARN_UNGUARDED_AVAILABILITY = YES_AGGRESSIVE;
				CLANG_WARN_UNREACHABLE_CODE = YES;
				CLANG_WARN__DUPLICATE_METHOD_MATCH = YES;
				COPY_PHASE_STRIP = NO;
				DEBUG_INFORMATION_FORMAT = dwarf;
				ENABLE_STRICT_OBJC_MSGSEND = YES;
				ENABLE_TESTABILITY = YES;
				GCC_C_LANGUAGE_STANDARD = gnu11;
				GCC_DYNAMIC_NO_PIC = NO;
				GCC_NO_COMMON_BLOCKS = YES;
				GCC_OPTIMIZATION_LEVEL = 0;
				GCC_PREPROCESSOR_DEFINITIONS = (
					"DEBUG=1",
					"$(inherited)",
				);
				GCC_WARN_64_TO_32_BIT_CONVERSION = YES;
				GCC_WARN_ABOUT_RETURN_TYPE = YES_ERROR;
				GCC_WARN_UNDECLARED_SELECTOR = YES;
				GCC_WARN_UNINITIALIZED_AUTOS = YES_AGGRESSIVE;
				GCC_WARN_UNUSED_FUNCTION = YES;
				GCC_WARN_UNUSED_VARIABLE = YES;
				MACOSX_DEPLOYMENT_TARGET = 10.14;
				MTL_ENABLE_DEBUG_INFO = INCLUDE_SOURCE;
				MTL_FAST_MATH = YES;
				ONLY_ACTIVE_ARCH = YES;
				SDKROOT = macosx;
				SWIFT_ACTIVE_COMPILATION_CONDITIONS = DEBUG;
				SWIFT_OPTIMIZATION_LEVEL = "-Onone";
			};
			name = Debug;
		};
		7B4CD3C6238E492B00265D5A /* Release */ = {
			isa = XCBuildConfiguration;
			buildSettings = {
				ALWAYS_SEARCH_USER_PATHS = NO;
				CLANG_ANALYZER_NONNULL = YES;
				CLANG_ANALYZER_NUMBER_OBJECT_CONVERSION = YES_AGGRESSIVE;
				CLANG_CXX_LANGUAGE_STANDARD = "gnu++14";
				CLANG_CXX_LIBRARY = "libc++";
				CLANG_ENABLE_MODULES = YES;
				CLANG_ENABLE_OBJC_ARC = YES;
				CLANG_ENABLE_OBJC_WEAK = YES;
				CLANG_WARN_BLOCK_CAPTURE_AUTORELEASING = YES;
				CLANG_WARN_BOOL_CONVERSION = YES;
				CLANG_WARN_COMMA = YES;
				CLANG_WARN_CONSTANT_CONVERSION = YES;
				CLANG_WARN_DEPRECATED_OBJC_IMPLEMENTATIONS = YES;
				CLANG_WARN_DIRECT_OBJC_ISA_USAGE = YES_ERROR;
				CLANG_WARN_DOCUMENTATION_COMMENTS = YES;
				CLANG_WARN_EMPTY_BODY = YES;
				CLANG_WARN_ENUM_CONVERSION = YES;
				CLANG_WARN_INFINITE_RECURSION = YES;
				CLANG_WARN_INT_CONVERSION = YES;
				CLANG_WARN_NON_LITERAL_NULL_CONVERSION = YES;
				CLANG_WARN_OBJC_IMPLICIT_RETAIN_SELF = YES;
				CLANG_WARN_OBJC_LITERAL_CONVERSION = YES;
				CLANG_WARN_OBJC_ROOT_CLASS = YES_ERROR;
				CLANG_WARN_RANGE_LOOP_ANALYSIS = YES;
				CLANG_WARN_STRICT_PROTOTYPES = YES;
				CLANG_WARN_SUSPICIOUS_MOVE = YES;
				CLANG_WARN_UNGUARDED_AVAILABILITY = YES_AGGRESSIVE;
				CLANG_WARN_UNREACHABLE_CODE = YES;
				CLANG_WARN__DUPLICATE_METHOD_MATCH = YES;
				COPY_PHASE_STRIP = NO;
				DEBUG_INFORMATION_FORMAT = "dwarf-with-dsym";
				ENABLE_NS_ASSERTIONS = NO;
				ENABLE_STRICT_OBJC_MSGSEND = YES;
				GCC_C_LANGUAGE_STANDARD = gnu11;
				GCC_NO_COMMON_BLOCKS = YES;
				GCC_WARN_64_TO_32_BIT_CONVERSION = YES;
				GCC_WARN_ABOUT_RETURN_TYPE = YES_ERROR;
				GCC_WARN_UNDECLARED_SELECTOR = YES;
				GCC_WARN_UNINITIALIZED_AUTOS = YES_AGGRESSIVE;
				GCC_WARN_UNUSED_FUNCTION = YES;
				GCC_WARN_UNUSED_VARIABLE = YES;
				MACOSX_DEPLOYMENT_TARGET = 10.14;
				MTL_ENABLE_DEBUG_INFO = NO;
				MTL_FAST_MATH = YES;
				SDKROOT = macosx;
				SWIFT_COMPILATION_MODE = wholemodule;
				SWIFT_OPTIMIZATION_LEVEL = "-O";
			};
			name = Release;
		};
		7B4CD3C8238E492B00265D5A /* Debug */ = {
			isa = XCBuildConfiguration;
			baseConfigurationReference = BA1F3D13B16F92478D549E8C /* Pods-siro.debug.xcconfig */;
			buildSettings = {
				ASSETCATALOG_COMPILER_APPICON_NAME = AppIcon;
				CODE_SIGN_ENTITLEMENTS = siro/siro.entitlements;
				CODE_SIGN_STYLE = Automatic;
				COMBINE_HIDPI_IMAGES = YES;
				CURRENT_PROJECT_VERSION = 2;
				DEVELOPMENT_TEAM = 9254J5769W;
				ENABLE_HARDENED_RUNTIME = YES;
				INFOPLIST_FILE = siro/Info.plist;
				LD_RUNPATH_SEARCH_PATHS = (
					"$(inherited)",
					"@executable_path/../Frameworks",
				);
				MARKETING_VERSION = 0.2;
				PRODUCT_BUNDLE_IDENTIFIER = io.ainoya.macos.siro;
				PRODUCT_NAME = "$(TARGET_NAME)";
				SWIFT_VERSION = 5.0;
			};
			name = Debug;
		};
		7B4CD3C9238E492B00265D5A /* Release */ = {
			isa = XCBuildConfiguration;
			baseConfigurationReference = D4398D50DE4EE783ED63D891 /* Pods-siro.release.xcconfig */;
			buildSettings = {
				ASSETCATALOG_COMPILER_APPICON_NAME = AppIcon;
				CODE_SIGN_ENTITLEMENTS = siro/siro.entitlements;
				CODE_SIGN_STYLE = Automatic;
				COMBINE_HIDPI_IMAGES = YES;
				CURRENT_PROJECT_VERSION = 2;
				DEVELOPMENT_TEAM = 9254J5769W;
				ENABLE_HARDENED_RUNTIME = YES;
				INFOPLIST_FILE = siro/Info.plist;
				LD_RUNPATH_SEARCH_PATHS = (
					"$(inherited)",
					"@executable_path/../Frameworks",
				);
				MARKETING_VERSION = 0.2;
				PRODUCT_BUNDLE_IDENTIFIER = io.ainoya.macos.siro;
				PRODUCT_NAME = "$(TARGET_NAME)";
				SWIFT_VERSION = 5.0;
			};
			name = Release;
		};
/* End XCBuildConfiguration section */

/* Begin XCConfigurationList section */
		7B4CD3B2238E492A00265D5A /* Build configuration list for PBXProject "siro" */ = {
			isa = XCConfigurationList;
			buildConfigurations = (
				7B4CD3C5238E492B00265D5A /* Debug */,
				7B4CD3C6238E492B00265D5A /* Release */,
			);
			defaultConfigurationIsVisible = 0;
			defaultConfigurationName = Release;
		};
		7B4CD3C7238E492B00265D5A /* Build configuration list for PBXNativeTarget "siro" */ = {
			isa = XCConfigurationList;
			buildConfigurations = (
				7B4CD3C8238E492B00265D5A /* Debug */,
				7B4CD3C9238E492B00265D5A /* Release */,
			);
			defaultConfigurationIsVisible = 0;
			defaultConfigurationName = Release;
		};
/* End XCConfigurationList section */
	};
	rootObject = 7B4CD3AF238E492A00265D5A /* Project object */;
}
